
Microsoft Visual Studio Solution File, Format Version 12.00
# Visual Studio Version 16
VisualStudioVersion = 16.0.31424.327
MinimumVisualStudioVersion = 10.0.40219.1
Project("{FAE04EC0-301F-11D3-BF4B-00C04F79EFBC}") = "CityWeather", "CityWeather.csproj", "{B05C2BC6-2FC5-4582-AA16-85DD22869AA9}"
EndProject
Global
	GlobalSection(SolutionConfigurationPlatforms) = preSolution
		Debug|Any CPU = Debug|Any CPU
		Release|Any CPU = Release|Any CPU
	EndGlobalSection
	GlobalSection(ProjectConfigurationPlatforms) = postSolution
		{B05C2BC6-2FC5-4582-AA16-85DD22869AA9}.Debug|Any CPU.ActiveCfg = Debug|Any CPU
		{B05C2BC6-2FC5-4582-AA16-85DD22869AA9}.Debug|Any CPU.Build.0 = Debug|Any CPU
		{B05C2BC6-2FC5-4582-AA16-85DD22869AA9}.Release|Any CPU.ActiveCfg = Release|Any CPU
		{B05C2BC6-2FC5-4582-AA16-85DD22869AA9}.Release|Any CPU.Build.0 = Release|Any CPU
	EndGlobalSection
	GlobalSection(SolutionProperties) = preSolution
		HideSolutionNode = FALSE
	EndGlobalSection
	GlobalSection(ExtensibilityGlobals) = postSolution
		SolutionGuid = {5B025CF2-B7B9-4163-85D0-1C5AED116FB5}
	EndGlobalSection
EndGlobal
